
Microsoft Visual Studio Solution File, Format Version 12.00
# Visual Studio 15
VisualStudioVersion = 15.0.27004.2002
MinimumVisualStudioVersion = 10.0.40219.1
Project("{2150E333-8FDC-42A3-9474-1A3956D46DE8}") = "src", "src", "{75AAAAEF-22BB-417D-84F3-869E75713CFA}"
EndProject
Project("{9A19103F-16F7-4668-BE54-9A1E7A4F7556}") = "Citadel.Core", "src\Citadel.Core\Citadel.Core.csproj", "{5BA1D379-7D99-468E-A492-0B86E487916A}"
EndProject
Project("{9A19103F-16F7-4668-BE54-9A1E7A4F7556}") = "Citadel.BackgroundService", "src\Citadel.BackgroundService\Citadel.BackgroundService.csproj", "{9CA3A58A-42AE-4EA5-8DE3-738B028F9A37}"
EndProject
Project("{9A19103F-16F7-4668-BE54-9A1E7A4F7556}") = "Citadel.Rabbit", "src\Citadel.Rabbit\Citadel.Rabbit.csproj", "{DD8B710F-61FC-453F-8C6F-684F5EBB8B81}"
EndProject
Project("{9A19103F-16F7-4668-BE54-9A1E7A4F7556}") = "Citadel.PostgreSQL", "src\Citadel.PostgreSQL\Citadel.PostgreSQL.csproj", "{7068C66E-9546-42BD-B5FF-61C28D8DE37C}"
EndProject
Project("{FAE04EC0-301F-11D3-BF4B-00C04F79EFBC}") = "Citadel.EventHub", "Citadel.EventHub\Citadel.EventHub.csproj", "{E04B0672-F809-48F5-9D22-61C4FEE5242E}"
EndProject
Project("{2150E333-8FDC-42A3-9474-1A3956D46DE8}") = "sample", "sample", "{BCE84707-8AEB-433F-BC3B-C50D99E48CD4}"
EndProject
Project("{9A19103F-16F7-4668-BE54-9A1E7A4F7556}") = "BackgroundService.Sample", "sample\BackgroundService.Sample\BackgroundService.Sample.csproj", "{24B8A280-D2A3-41E5-82C9-5CFF1C15C289}"
EndProject
Project("{9A19103F-16F7-4668-BE54-9A1E7A4F7556}") = "BackgroundServiceTestLib", "BackgroundServiceTestLib\BackgroundServiceTestLib.csproj", "{BC2293B4-1F56-42DB-9806-1E0590E4A499}"
EndProject
Project("{9A19103F-16F7-4668-BE54-9A1E7A4F7556}") = "Citadel.Server", "src\Citadel.Server\Citadel.Server.csproj", "{62ACE704-647E-48A3-AD82-16AF29264538}"
EndProject
Project("{9A19103F-16F7-4668-BE54-9A1E7A4F7556}") = "Citadel.WebAPI", "src\Citadel.WebAPI\Citadel.WebAPI.csproj", "{34B89B77-9C7E-425F-A4B5-8FC377B43B78}"
EndProject
Project("{9A19103F-16F7-4668-BE54-9A1E7A4F7556}") = "Citadel.Client", "src\Citadel.Client\Citadel.Client.csproj", "{5B0592B5-CF52-40ED-920A-8E10E9D4B7D4}"
EndProject
Project("{9A19103F-16F7-4668-BE54-9A1E7A4F7556}") = "Citadel.BackgroundService.Client", "src\Citadel.BackgroundService.Client\Citadel.BackgroundService.Client.csproj", "{9E3F54D6-E2DA-4743-AAB7-43CD62C248D6}"
EndProject
Project("{9A19103F-16F7-4668-BE54-9A1E7A4F7556}") = "Citadel.BackgroundService.Server", "src\Citadel.BackgroundService.Server\Citadel.BackgroundService.Server.csproj", "{111758A5-1941-4B34-B1E0-650C0F06AB8D}"
EndProject
Global
	GlobalSection(SolutionConfigurationPlatforms) = preSolution
		Debug|Any CPU = Debug|Any CPU
		Release|Any CPU = Release|Any CPU
	EndGlobalSection
	GlobalSection(ProjectConfigurationPlatforms) = postSolution
		{5BA1D379-7D99-468E-A492-0B86E487916A}.Debug|Any CPU.ActiveCfg = Debug|Any CPU
		{5BA1D379-7D99-468E-A492-0B86E487916A}.Debug|Any CPU.Build.0 = Debug|Any CPU
		{5BA1D379-7D99-468E-A492-0B86E487916A}.Release|Any CPU.ActiveCfg = Release|Any CPU
		{5BA1D379-7D99-468E-A492-0B86E487916A}.Release|Any CPU.Build.0 = Release|Any CPU
		{9CA3A58A-42AE-4EA5-8DE3-738B028F9A37}.Debug|Any CPU.ActiveCfg = Debug|Any CPU
		{9CA3A58A-42AE-4EA5-8DE3-738B028F9A37}.Debug|Any CPU.Build.0 = Debug|Any CPU
		{9CA3A58A-42AE-4EA5-8DE3-738B028F9A37}.Release|Any CPU.ActiveCfg = Release|Any CPU
		{9CA3A58A-42AE-4EA5-8DE3-738B028F9A37}.Release|Any CPU.Build.0 = Release|Any CPU
		{DD8B710F-61FC-453F-8C6F-684F5EBB8B81}.Debug|Any CPU.ActiveCfg = Debug|Any CPU
		{DD8B710F-61FC-453F-8C6F-684F5EBB8B81}.Debug|Any CPU.Build.0 = Debug|Any CPU
		{DD8B710F-61FC-453F-8C6F-684F5EBB8B81}.Release|Any CPU.ActiveCfg = Release|Any CPU
		{DD8B710F-61FC-453F-8C6F-684F5EBB8B81}.Release|Any CPU.Build.0 = Release|Any CPU
		{7068C66E-9546-42BD-B5FF-61C28D8DE37C}.Debug|Any CPU.ActiveCfg = Debug|Any CPU
		{7068C66E-9546-42BD-B5FF-61C28D8DE37C}.Debug|Any CPU.Build.0 = Debug|Any CPU
		{7068C66E-9546-42BD-B5FF-61C28D8DE37C}.Release|Any CPU.ActiveCfg = Release|Any CPU
		{7068C66E-9546-42BD-B5FF-61C28D8DE37C}.Release|Any CPU.Build.0 = Release|Any CPU
		{E04B0672-F809-48F5-9D22-61C4FEE5242E}.Debug|Any CPU.ActiveCfg = Debug|Any CPU
		{E04B0672-F809-48F5-9D22-61C4FEE5242E}.Debug|Any CPU.Build.0 = Debug|Any CPU
		{E04B0672-F809-48F5-9D22-61C4FEE5242E}.Release|Any CPU.ActiveCfg = Release|Any CPU
		{E04B0672-F809-48F5-9D22-61C4FEE5242E}.Release|Any CPU.Build.0 = Release|Any CPU
		{24B8A280-D2A3-41E5-82C9-5CFF1C15C289}.Debug|Any CPU.ActiveCfg = Debug|Any CPU
		{24B8A280-D2A3-41E5-82C9-5CFF1C15C289}.Debug|Any CPU.Build.0 = Debug|Any CPU
		{24B8A280-D2A3-41E5-82C9-5CFF1C15C289}.Release|Any CPU.ActiveCfg = Release|Any CPU
		{24B8A280-D2A3-41E5-82C9-5CFF1C15C289}.Release|Any CPU.Build.0 = Release|Any CPU
		{BC2293B4-1F56-42DB-9806-1E0590E4A499}.Debug|Any CPU.ActiveCfg = Debug|Any CPU
		{BC2293B4-1F56-42DB-9806-1E0590E4A499}.Debug|Any CPU.Build.0 = Debug|Any CPU
		{BC2293B4-1F56-42DB-9806-1E0590E4A499}.Release|Any CPU.ActiveCfg = Release|Any CPU
		{BC2293B4-1F56-42DB-9806-1E0590E4A499}.Release|Any CPU.Build.0 = Release|Any CPU
		{62ACE704-647E-48A3-AD82-16AF29264538}.Debug|Any CPU.ActiveCfg = Debug|Any CPU
		{62ACE704-647E-48A3-AD82-16AF29264538}.Debug|Any CPU.Build.0 = Debug|Any CPU
		{62ACE704-647E-48A3-AD82-16AF29264538}.Release|Any CPU.ActiveCfg = Release|Any CPU
		{62ACE704-647E-48A3-AD82-16AF29264538}.Release|Any CPU.Build.0 = Release|Any CPU
		{34B89B77-9C7E-425F-A4B5-8FC377B43B78}.Debug|Any CPU.ActiveCfg = Debug|Any CPU
		{34B89B77-9C7E-425F-A4B5-8FC377B43B78}.Debug|Any CPU.Build.0 = Debug|Any CPU
		{34B89B77-9C7E-425F-A4B5-8FC377B43B78}.Release|Any CPU.ActiveCfg = Release|Any CPU
		{34B89B77-9C7E-425F-A4B5-8FC377B43B78}.Release|Any CPU.Build.0 = Release|Any CPU
		{5B0592B5-CF52-40ED-920A-8E10E9D4B7D4}.Debug|Any CPU.ActiveCfg = Debug|Any CPU
		{5B0592B5-CF52-40ED-920A-8E10E9D4B7D4}.Debug|Any CPU.Build.0 = Debug|Any CPU
		{5B0592B5-CF52-40ED-920A-8E10E9D4B7D4}.Release|Any CPU.ActiveCfg = Release|Any CPU
		{5B0592B5-CF52-40ED-920A-8E10E9D4B7D4}.Release|Any CPU.Build.0 = Release|Any CPU
		{9E3F54D6-E2DA-4743-AAB7-43CD62C248D6}.Debug|Any CPU.ActiveCfg = Debug|Any CPU
		{9E3F54D6-E2DA-4743-AAB7-43CD62C248D6}.Debug|Any CPU.Build.0 = Debug|Any CPU
		{9E3F54D6-E2DA-4743-AAB7-43CD62C248D6}.Release|Any CPU.ActiveCfg = Release|Any CPU
		{9E3F54D6-E2DA-4743-AAB7-43CD62C248D6}.Release|Any CPU.Build.0 = Release|Any CPU
		{111758A5-1941-4B34-B1E0-650C0F06AB8D}.Debug|Any CPU.ActiveCfg = Debug|Any CPU
		{111758A5-1941-4B34-B1E0-650C0F06AB8D}.Debug|Any CPU.Build.0 = Debug|Any CPU
		{111758A5-1941-4B34-B1E0-650C0F06AB8D}.Release|Any CPU.ActiveCfg = Release|Any CPU
		{111758A5-1941-4B34-B1E0-650C0F06AB8D}.Release|Any CPU.Build.0 = Release|Any CPU
	EndGlobalSection
	GlobalSection(SolutionProperties) = preSolution
		HideSolutionNode = FALSE
	EndGlobalSection
	GlobalSection(NestedProjects) = preSolution
		{5BA1D379-7D99-468E-A492-0B86E487916A} = {75AAAAEF-22BB-417D-84F3-869E75713CFA}
		{9CA3A58A-42AE-4EA5-8DE3-738B028F9A37} = {75AAAAEF-22BB-417D-84F3-869E75713CFA}
		{DD8B710F-61FC-453F-8C6F-684F5EBB8B81} = {75AAAAEF-22BB-417D-84F3-869E75713CFA}
		{7068C66E-9546-42BD-B5FF-61C28D8DE37C} = {75AAAAEF-22BB-417D-84F3-869E75713CFA}
		{E04B0672-F809-48F5-9D22-61C4FEE5242E} = {75AAAAEF-22BB-417D-84F3-869E75713CFA}
		{24B8A280-D2A3-41E5-82C9-5CFF1C15C289} = {BCE84707-8AEB-433F-BC3B-C50D99E48CD4}
		{BC2293B4-1F56-42DB-9806-1E0590E4A499} = {BCE84707-8AEB-433F-BC3B-C50D99E48CD4}
		{62ACE704-647E-48A3-AD82-16AF29264538} = {75AAAAEF-22BB-417D-84F3-869E75713CFA}
		{34B89B77-9C7E-425F-A4B5-8FC377B43B78} = {75AAAAEF-22BB-417D-84F3-869E75713CFA}
		{5B0592B5-CF52-40ED-920A-8E10E9D4B7D4} = {75AAAAEF-22BB-417D-84F3-869E75713CFA}
		{9E3F54D6-E2DA-4743-AAB7-43CD62C248D6} = {75AAAAEF-22BB-417D-84F3-869E75713CFA}
		{111758A5-1941-4B34-B1E0-650C0F06AB8D} = {75AAAAEF-22BB-417D-84F3-869E75713CFA}
	EndGlobalSection
	GlobalSection(ExtensibilityGlobals) = postSolution
		SolutionGuid = {301D4512-7AB8-426A-B1AD-2DB2DB967421}
	EndGlobalSection
EndGlobal
